
Microsoft Visual Studio Solution File, Format Version 12.00
# Visual Studio Version 16
VisualStudioVersion = 16.0.29926.136
MinimumVisualStudioVersion = 10.0.40219.1
Project("{FAE04EC0-301F-11D3-BF4B-00C04F79EFBC}") = "C19M.M.C.A.Gumel2004", "C19M.M.C.A.Gumel2004\C19M.M.C.A.Gumel2004.csproj", "{4138762D-A11A-4F0B-A51B-17BFB983AE87}"
EndProject
Project("{2150E333-8FDC-42A3-9474-1A3956D46DE8}") = "Solution Items", "Solution Items", "{608BB1D6-766E-4411-B52C-CAB1CDB2194F}"
	ProjectSection(SolutionItems) = preProject
		README.md = README.md
	EndProjectSection
EndProject
Project("{FAE04EC0-301F-11D3-BF4B-00C04F79EFBC}") = "C19M.D.Gumel2004", "C19M.D.Gumel2004\C19M.D.Gumel2004.csproj", "{1F404342-2AC9-4F8B-B5C6-3A19575EF776}"
EndProject
Project("{FAE04EC0-301F-11D3-BF4B-00C04F79EFBC}") = "C19M.M.C.A.Gumel2004.Tests", "C19M.M.C.A.Gumel2004.Tests\C19M.M.C.A.Gumel2004.Tests.csproj", "{211C6134-9E87-462E-8CCE-509D9802277E}"
EndProject
Project("{FAE04EC0-301F-11D3-BF4B-00C04F79EFBC}") = "C19M.D.Gumel2006", "C19M.D.Gumel2006\C19M.D.Gumel2006.csproj", "{C6016813-2554-4BC4-97F5-A468B9D7B107}"
EndProject
Project("{FAE04EC0-301F-11D3-BF4B-00C04F79EFBC}") = "C19M.M.C.A.Gumel2006", "C19M.M.C.A.Gumel2006\C19M.M.C.A.Gumel2006.csproj", "{9CE35B69-42AF-44C7-B755-C554B939B9EE}"
EndProject
Project("{FAE04EC0-301F-11D3-BF4B-00C04F79EFBC}") = "C19M.M.C.A.Gumel2006.Tests", "C19M.M.C.A.Gumel2006.Tests\C19M.M.C.A.Gumel2006.Tests.csproj", "{DB519620-CC47-473F-8680-FC2D462B3958}"
EndProject
Project("{FAE04EC0-301F-11D3-BF4B-00C04F79EFBC}") = "C19M.M.C.A.Safi2010", "C19M.M.C.A.Safi2010\C19M.M.C.A.Safi2010.csproj", "{6EE456E0-6879-4659-A869-413C654A8A03}"
EndProject
Project("{FAE04EC0-301F-11D3-BF4B-00C04F79EFBC}") = "C19M.D.Safi2010", "C19M.D.Safi2010\C19M.D.Safi2010.csproj", "{3C501F2E-4D47-42E3-B6DC-B11F5CC3B052}"
EndProject
Project("{FAE04EC0-301F-11D3-BF4B-00C04F79EFBC}") = "C19M.D.Lee2016", "C19M.D.Lee2016\C19M.D.Lee2016.csproj", "{E2B7FCDA-6CB9-4E42-A0FD-443AB7EE4402}"
EndProject
Project("{FAE04EC0-301F-11D3-BF4B-00C04F79EFBC}") = "C19M.M.C.A.Safi2010.Tests", "C19M.M.C.A.Safi2010.Tests\C19M.M.C.A.Safi2010.Tests.csproj", "{A2D4E9B6-1A7E-4792-9759-ACF18E787016}"
EndProject
Project("{FAE04EC0-301F-11D3-BF4B-00C04F79EFBC}") = "C19M.UI", "C19M.UI\C19M.UI.csproj", "{2A31E757-80DE-40BE-AD13-696461B0080A}"
EndProject
Project("{FAE04EC0-301F-11D3-BF4B-00C04F79EFBC}") = "C19M.UI.Tests", "C19M.UI.Tests\C19M.UI.Tests.csproj", "{9E17E133-9B28-4967-84F9-224B57EDE5C6}"
EndProject
Project("{D954291E-2A0B-460D-934E-DC6B0785DB48}") = "C19M.M.C.SD.Gumel2004", "C19M.M.C.SD.Gumel2004\C19M.M.C.SD.Gumel2004.shproj", "{2A22D5A0-C483-4A72-9E19-3AE9392FCA03}"
EndProject
Global
	GlobalSection(SharedMSBuildProjectFiles) = preSolution
		C19M.M.C.SD.Gumel2004\C19M.M.C.SD.Gumel2004.projitems*{2a22d5a0-c483-4a72-9e19-3ae9392fca03}*SharedItemsImports = 13
	EndGlobalSection
	GlobalSection(SolutionConfigurationPlatforms) = preSolution
		Debug|Any CPU = Debug|Any CPU
		Release|Any CPU = Release|Any CPU
	EndGlobalSection
	GlobalSection(ProjectConfigurationPlatforms) = postSolution
		{4138762D-A11A-4F0B-A51B-17BFB983AE87}.Debug|Any CPU.ActiveCfg = Debug|Any CPU
		{4138762D-A11A-4F0B-A51B-17BFB983AE87}.Debug|Any CPU.Build.0 = Debug|Any CPU
		{4138762D-A11A-4F0B-A51B-17BFB983AE87}.Release|Any CPU.ActiveCfg = Release|Any CPU
		{4138762D-A11A-4F0B-A51B-17BFB983AE87}.Release|Any CPU.Build.0 = Release|Any CPU
		{1F404342-2AC9-4F8B-B5C6-3A19575EF776}.Debug|Any CPU.ActiveCfg = Debug|Any CPU
		{1F404342-2AC9-4F8B-B5C6-3A19575EF776}.Debug|Any CPU.Build.0 = Debug|Any CPU
		{1F404342-2AC9-4F8B-B5C6-3A19575EF776}.Release|Any CPU.ActiveCfg = Release|Any CPU
		{1F404342-2AC9-4F8B-B5C6-3A19575EF776}.Release|Any CPU.Build.0 = Release|Any CPU
		{211C6134-9E87-462E-8CCE-509D9802277E}.Debug|Any CPU.ActiveCfg = Debug|Any CPU
		{211C6134-9E87-462E-8CCE-509D9802277E}.Debug|Any CPU.Build.0 = Debug|Any CPU
		{211C6134-9E87-462E-8CCE-509D9802277E}.Release|Any CPU.ActiveCfg = Release|Any CPU
		{211C6134-9E87-462E-8CCE-509D9802277E}.Release|Any CPU.Build.0 = Release|Any CPU
		{C6016813-2554-4BC4-97F5-A468B9D7B107}.Debug|Any CPU.ActiveCfg = Debug|Any CPU
		{C6016813-2554-4BC4-97F5-A468B9D7B107}.Debug|Any CPU.Build.0 = Debug|Any CPU
		{C6016813-2554-4BC4-97F5-A468B9D7B107}.Release|Any CPU.ActiveCfg = Release|Any CPU
		{C6016813-2554-4BC4-97F5-A468B9D7B107}.Release|Any CPU.Build.0 = Release|Any CPU
		{9CE35B69-42AF-44C7-B755-C554B939B9EE}.Debug|Any CPU.ActiveCfg = Debug|Any CPU
		{9CE35B69-42AF-44C7-B755-C554B939B9EE}.Debug|Any CPU.Build.0 = Debug|Any CPU
		{9CE35B69-42AF-44C7-B755-C554B939B9EE}.Release|Any CPU.ActiveCfg = Release|Any CPU
		{9CE35B69-42AF-44C7-B755-C554B939B9EE}.Release|Any CPU.Build.0 = Release|Any CPU
		{DB519620-CC47-473F-8680-FC2D462B3958}.Debug|Any CPU.ActiveCfg = Debug|Any CPU
		{DB519620-CC47-473F-8680-FC2D462B3958}.Debug|Any CPU.Build.0 = Debug|Any CPU
		{DB519620-CC47-473F-8680-FC2D462B3958}.Release|Any CPU.ActiveCfg = Release|Any CPU
		{DB519620-CC47-473F-8680-FC2D462B3958}.Release|Any CPU.Build.0 = Release|Any CPU
		{6EE456E0-6879-4659-A869-413C654A8A03}.Debug|Any CPU.ActiveCfg = Debug|Any CPU
		{6EE456E0-6879-4659-A869-413C654A8A03}.Debug|Any CPU.Build.0 = Debug|Any CPU
		{6EE456E0-6879-4659-A869-413C654A8A03}.Release|Any CPU.ActiveCfg = Release|Any CPU
		{6EE456E0-6879-4659-A869-413C654A8A03}.Release|Any CPU.Build.0 = Release|Any CPU
		{3C501F2E-4D47-42E3-B6DC-B11F5CC3B052}.Debug|Any CPU.ActiveCfg = Debug|Any CPU
		{3C501F2E-4D47-42E3-B6DC-B11F5CC3B052}.Debug|Any CPU.Build.0 = Debug|Any CPU
		{3C501F2E-4D47-42E3-B6DC-B11F5CC3B052}.Release|Any CPU.ActiveCfg = Release|Any CPU
		{3C501F2E-4D47-42E3-B6DC-B11F5CC3B052}.Release|Any CPU.Build.0 = Release|Any CPU
		{E2B7FCDA-6CB9-4E42-A0FD-443AB7EE4402}.Debug|Any CPU.ActiveCfg = Debug|Any CPU
		{E2B7FCDA-6CB9-4E42-A0FD-443AB7EE4402}.Debug|Any CPU.Build.0 = Debug|Any CPU
		{E2B7FCDA-6CB9-4E42-A0FD-443AB7EE4402}.Release|Any CPU.ActiveCfg = Release|Any CPU
		{E2B7FCDA-6CB9-4E42-A0FD-443AB7EE4402}.Release|Any CPU.Build.0 = Release|Any CPU
		{A2D4E9B6-1A7E-4792-9759-ACF18E787016}.Debug|Any CPU.ActiveCfg = Debug|Any CPU
		{A2D4E9B6-1A7E-4792-9759-ACF18E787016}.Debug|Any CPU.Build.0 = Debug|Any CPU
		{A2D4E9B6-1A7E-4792-9759-ACF18E787016}.Release|Any CPU.ActiveCfg = Release|Any CPU
		{A2D4E9B6-1A7E-4792-9759-ACF18E787016}.Release|Any CPU.Build.0 = Release|Any CPU
		{2A31E757-80DE-40BE-AD13-696461B0080A}.Debug|Any CPU.ActiveCfg = Debug|Any CPU
		{2A31E757-80DE-40BE-AD13-696461B0080A}.Debug|Any CPU.Build.0 = Debug|Any CPU
		{2A31E757-80DE-40BE-AD13-696461B0080A}.Release|Any CPU.ActiveCfg = Release|Any CPU
		{2A31E757-80DE-40BE-AD13-696461B0080A}.Release|Any CPU.Build.0 = Release|Any CPU
		{9E17E133-9B28-4967-84F9-224B57EDE5C6}.Debug|Any CPU.ActiveCfg = Debug|Any CPU
		{9E17E133-9B28-4967-84F9-224B57EDE5C6}.Debug|Any CPU.Build.0 = Debug|Any CPU
		{9E17E133-9B28-4967-84F9-224B57EDE5C6}.Release|Any CPU.ActiveCfg = Release|Any CPU
		{9E17E133-9B28-4967-84F9-224B57EDE5C6}.Release|Any CPU.Build.0 = Release|Any CPU
	EndGlobalSection
	GlobalSection(SolutionProperties) = preSolution
		HideSolutionNode = FALSE
	EndGlobalSection
	GlobalSection(ExtensibilityGlobals) = postSolution
		SolutionGuid = {37CAB170-8841-47BF-9609-C42E0CEB0DE6}
	EndGlobalSection
EndGlobal
